
Microsoft Visual Studio Solution File, Format Version 12.00
# Visual Studio Version 16
VisualStudioVersion = 16.0.31105.61
MinimumVisualStudioVersion = 10.0.40219.1
Project("{FAE04EC0-301F-11D3-BF4B-00C04F79EFBC}") = "TERP.WebUIMVC", "TERP.WebUIMVC\TERP.WebUIMVC.csproj", "{F0528412-EC82-435F-AC70-1EB67C8F240D}"
EndProject
Project("{FAE04EC0-301F-11D3-BF4B-00C04F79EFBC}") = "TERP.Entities", "TERP.Entities\TERP.Entities.csproj", "{F6AD5E9A-702A-4800-8D73-02ACD03E5CF7}"
EndProject
Project("{FAE04EC0-301F-11D3-BF4B-00C04F79EFBC}") = "TERP.DataAccess", "TERP.DataAccess\TERP.DataAccess.csproj", "{65B718A5-8070-4B17-855E-7B4B77B193D2}"
EndProject
Global
	GlobalSection(SolutionConfigurationPlatforms) = preSolution
		Debug|Any CPU = Debug|Any CPU
		Release|Any CPU = Release|Any CPU
	EndGlobalSection
	GlobalSection(ProjectConfigurationPlatforms) = postSolution
		{F0528412-EC82-435F-AC70-1EB67C8F240D}.Debug|Any CPU.ActiveCfg = Debug|Any CPU
		{F0528412-EC82-435F-AC70-1EB67C8F240D}.Debug|Any CPU.Build.0 = Debug|Any CPU
		{F0528412-EC82-435F-AC70-1EB67C8F240D}.Release|Any CPU.ActiveCfg = Release|Any CPU
		{F0528412-EC82-435F-AC70-1EB67C8F240D}.Release|Any CPU.Build.0 = Release|Any CPU
		{F6AD5E9A-702A-4800-8D73-02ACD03E5CF7}.Debug|Any CPU.ActiveCfg = Debug|Any CPU
		{F6AD5E9A-702A-4800-8D73-02ACD03E5CF7}.Debug|Any CPU.Build.0 = Debug|Any CPU
		{F6AD5E9A-702A-4800-8D73-02ACD03E5CF7}.Release|Any CPU.ActiveCfg = Release|Any CPU
		{F6AD5E9A-702A-4800-8D73-02ACD03E5CF7}.Release|Any CPU.Build.0 = Release|Any CPU
		{65B718A5-8070-4B17-855E-7B4B77B193D2}.Debug|Any CPU.ActiveCfg = Debug|Any CPU
		{65B718A5-8070-4B17-855E-7B4B77B193D2}.Debug|Any CPU.Build.0 = Debug|Any CPU
		{65B718A5-8070-4B17-855E-7B4B77B193D2}.Release|Any CPU.ActiveCfg = Release|Any CPU
		{65B718A5-8070-4B17-855E-7B4B77B193D2}.Release|Any CPU.Build.0 = Release|Any CPU
	EndGlobalSection
	GlobalSection(SolutionProperties) = preSolution
		HideSolutionNode = FALSE
	EndGlobalSection
	GlobalSection(ExtensibilityGlobals) = postSolution
		SolutionGuid = {F429A1EB-0C74-40BD-975C-CE8609FE926A}
	EndGlobalSection
EndGlobal
